
Microsoft Visual Studio Solution File, Format Version 12.00
# Visual Studio Version 17
VisualStudioVersion = 17.8.34330.188
MinimumVisualStudioVersion = 10.0.40219.1
Project("{FAE04EC0-301F-11D3-BF4B-00C04F79EFBC}") = "Examen3_stevenCamachoAlvarez", "Examen3\Examen3_stevenCamachoAlvarez.csproj", "{66CAC21E-A5BB-485E-8B08-59421820EEF1}"
EndProject
Global
	GlobalSection(SolutionConfigurationPlatforms) = preSolution
		Debug|Any CPU = Debug|Any CPU
		Release|Any CPU = Release|Any CPU
	EndGlobalSection
	GlobalSection(ProjectConfigurationPlatforms) = postSolution
		{66CAC21E-A5BB-485E-8B08-59421820EEF1}.Debug|Any CPU.ActiveCfg = Debug|Any CPU
		{66CAC21E-A5BB-485E-8B08-59421820EEF1}.Debug|Any CPU.Build.0 = Debug|Any CPU
		{66CAC21E-A5BB-485E-8B08-59421820EEF1}.Release|Any CPU.ActiveCfg = Release|Any CPU
		{66CAC21E-A5BB-485E-8B08-59421820EEF1}.Release|Any CPU.Build.0 = Release|Any CPU
	EndGlobalSection
	GlobalSection(SolutionProperties) = preSolution
		HideSolutionNode = FALSE
	EndGlobalSection
	GlobalSection(ExtensibilityGlobals) = postSolution
		SolutionGuid = {DC543C84-1087-44AC-A529-C879BF03479E}
	EndGlobalSection
EndGlobal
